
Microsoft Visual Studio Solution File, Format Version 12.00
# Visual Studio Version 16
VisualStudioVersion = 16.0.33027.164
MinimumVisualStudioVersion = 10.0.40219.1
Project("{FAE04EC0-301F-11D3-BF4B-00C04F79EFBC}") = "Cardapio.Api", "Cardapio.Api.csproj", "{85F8AA6B-FEF8-4B9F-9CE3-9887832E0F89}"
EndProject
Project("{FAE04EC0-301F-11D3-BF4B-00C04F79EFBC}") = "Cardapio.Application", "..\Cardapio.Application\Cardapio.Application.csproj", "{F16E628B-0B17-4604-BD57-E87A70E8B503}"
EndProject
Project("{FAE04EC0-301F-11D3-BF4B-00C04F79EFBC}") = "Cardapio.Domain", "..\Cardapio.Domain\Cardapio.Domain.csproj", "{DD1A6D21-9F08-47F8-AAD7-3B93F454DDC4}"
EndProject
Project("{FAE04EC0-301F-11D3-BF4B-00C04F79EFBC}") = "Cardapio.Persistence", "..\Cardapio.Persistence\Cardapio.Persistence.csproj", "{0C86CCBC-50A7-4218-90C9-1C2510053D23}"
EndProject
Global
	GlobalSection(SolutionConfigurationPlatforms) = preSolution
		Debug|Any CPU = Debug|Any CPU
		Release|Any CPU = Release|Any CPU
	EndGlobalSection
	GlobalSection(ProjectConfigurationPlatforms) = postSolution
		{85F8AA6B-FEF8-4B9F-9CE3-9887832E0F89}.Debug|Any CPU.ActiveCfg = Debug|Any CPU
		{85F8AA6B-FEF8-4B9F-9CE3-9887832E0F89}.Debug|Any CPU.Build.0 = Debug|Any CPU
		{85F8AA6B-FEF8-4B9F-9CE3-9887832E0F89}.Release|Any CPU.ActiveCfg = Release|Any CPU
		{85F8AA6B-FEF8-4B9F-9CE3-9887832E0F89}.Release|Any CPU.Build.0 = Release|Any CPU
		{F16E628B-0B17-4604-BD57-E87A70E8B503}.Debug|Any CPU.ActiveCfg = Debug|Any CPU
		{F16E628B-0B17-4604-BD57-E87A70E8B503}.Debug|Any CPU.Build.0 = Debug|Any CPU
		{F16E628B-0B17-4604-BD57-E87A70E8B503}.Release|Any CPU.ActiveCfg = Release|Any CPU
		{F16E628B-0B17-4604-BD57-E87A70E8B503}.Release|Any CPU.Build.0 = Release|Any CPU
		{DD1A6D21-9F08-47F8-AAD7-3B93F454DDC4}.Debug|Any CPU.ActiveCfg = Debug|Any CPU
		{DD1A6D21-9F08-47F8-AAD7-3B93F454DDC4}.Debug|Any CPU.Build.0 = Debug|Any CPU
		{DD1A6D21-9F08-47F8-AAD7-3B93F454DDC4}.Release|Any CPU.ActiveCfg = Release|Any CPU
		{DD1A6D21-9F08-47F8-AAD7-3B93F454DDC4}.Release|Any CPU.Build.0 = Release|Any CPU
		{0C86CCBC-50A7-4218-90C9-1C2510053D23}.Debug|Any CPU.ActiveCfg = Debug|Any CPU
		{0C86CCBC-50A7-4218-90C9-1C2510053D23}.Debug|Any CPU.Build.0 = Debug|Any CPU
		{0C86CCBC-50A7-4218-90C9-1C2510053D23}.Release|Any CPU.ActiveCfg = Release|Any CPU
		{0C86CCBC-50A7-4218-90C9-1C2510053D23}.Release|Any CPU.Build.0 = Release|Any CPU
	EndGlobalSection
	GlobalSection(SolutionProperties) = preSolution
		HideSolutionNode = FALSE
	EndGlobalSection
	GlobalSection(ExtensibilityGlobals) = postSolution
		SolutionGuid = {99436B9B-8AEE-4D6D-A539-0AA99F86A17A}
	EndGlobalSection
EndGlobal
